
Microsoft Visual Studio Solution File, Format Version 12.00
# Visual Studio Version 17
VisualStudioVersion = 17.7.34202.233
MinimumVisualStudioVersion = 10.0.40219.1
Project("{FAE04EC0-301F-11D3-BF4B-00C04F79EFBC}") = "SAIO.NET", "SAIO.NET.csproj", "{39DCC4DA-E373-4777-BEE3-AB7B433D9E5B}"
EndProject
Global
	GlobalSection(SolutionConfigurationPlatforms) = preSolution
		Debug|Any CPU = Debug|Any CPU
		Release|Any CPU = Release|Any CPU
	EndGlobalSection
	GlobalSection(ProjectConfigurationPlatforms) = postSolution
		{39DCC4DA-E373-4777-BEE3-AB7B433D9E5B}.Debug|Any CPU.ActiveCfg = Debug|Any CPU
		{39DCC4DA-E373-4777-BEE3-AB7B433D9E5B}.Debug|Any CPU.Build.0 = Debug|Any CPU
		{39DCC4DA-E373-4777-BEE3-AB7B433D9E5B}.Release|Any CPU.ActiveCfg = Release|Any CPU
		{39DCC4DA-E373-4777-BEE3-AB7B433D9E5B}.Release|Any CPU.Build.0 = Release|Any CPU
	EndGlobalSection
	GlobalSection(SolutionProperties) = preSolution
		HideSolutionNode = FALSE
	EndGlobalSection
	GlobalSection(ExtensibilityGlobals) = postSolution
		SolutionGuid = {EB53C8A0-6715-471A-B541-48E70BAD3D73}
	EndGlobalSection
EndGlobal
